
Microsoft Visual Studio Solution File, Format Version 12.00
# Visual Studio Version 17
VisualStudioVersion = 17.11.35327.3
MinimumVisualStudioVersion = 10.0.40219.1
Project("{FAE04EC0-301F-11D3-BF4B-00C04F79EFBC}") = "Lecture_1", "Lecture_1.csproj", "{F6825445-4C7E-469C-A380-9984B83B682D}"
EndProject
Global
	GlobalSection(SolutionConfigurationPlatforms) = preSolution
		Debug|Any CPU = Debug|Any CPU
		Release|Any CPU = Release|Any CPU
	EndGlobalSection
	GlobalSection(ProjectConfigurationPlatforms) = postSolution
		{F6825445-4C7E-469C-A380-9984B83B682D}.Debug|Any CPU.ActiveCfg = Debug|Any CPU
		{F6825445-4C7E-469C-A380-9984B83B682D}.Debug|Any CPU.Build.0 = Debug|Any CPU
		{F6825445-4C7E-469C-A380-9984B83B682D}.Release|Any CPU.ActiveCfg = Release|Any CPU
		{F6825445-4C7E-469C-A380-9984B83B682D}.Release|Any CPU.Build.0 = Release|Any CPU
	EndGlobalSection
	GlobalSection(SolutionProperties) = preSolution
		HideSolutionNode = FALSE
	EndGlobalSection
	GlobalSection(ExtensibilityGlobals) = postSolution
		SolutionGuid = {A72D101A-8F43-4442-9605-95218D000F28}
	EndGlobalSection
EndGlobal
