
Microsoft Visual Studio Solution File, Format Version 12.00
# Visual Studio Version 17
VisualStudioVersion = 17.11.35327.3
MinimumVisualStudioVersion = 10.0.40219.1
Project("{FAE04EC0-301F-11D3-BF4B-00C04F79EFBC}") = "Final", "Final.csproj", "{963559BD-26FC-4C2C-BDAC-373FEEA7272E}"
EndProject
Global
	GlobalSection(SolutionConfigurationPlatforms) = preSolution
		Debug|Any CPU = Debug|Any CPU
		Release|Any CPU = Release|Any CPU
	EndGlobalSection
	GlobalSection(ProjectConfigurationPlatforms) = postSolution
		{963559BD-26FC-4C2C-BDAC-373FEEA7272E}.Debug|Any CPU.ActiveCfg = Debug|Any CPU
		{963559BD-26FC-4C2C-BDAC-373FEEA7272E}.Debug|Any CPU.Build.0 = Debug|Any CPU
		{963559BD-26FC-4C2C-BDAC-373FEEA7272E}.Release|Any CPU.ActiveCfg = Release|Any CPU
		{963559BD-26FC-4C2C-BDAC-373FEEA7272E}.Release|Any CPU.Build.0 = Release|Any CPU
	EndGlobalSection
	GlobalSection(SolutionProperties) = preSolution
		HideSolutionNode = FALSE
	EndGlobalSection
	GlobalSection(ExtensibilityGlobals) = postSolution
		SolutionGuid = {8E01032B-2A9E-4958-83F5-7849D8FA21EA}
	EndGlobalSection
EndGlobal
