
Microsoft Visual Studio Solution File, Format Version 12.00
# Visual Studio Version 17
VisualStudioVersion = 17.3.32901.215
MinimumVisualStudioVersion = 10.0.40219.1
Project("{FAE04EC0-301F-11D3-BF4B-00C04F79EFBC}") = "Lecture_2", "Lecture_2\Lecture_2.csproj", "{CC4DF09C-0D16-4DAA-9E8F-147CD3B05AE6}"
EndProject
Global
	GlobalSection(SolutionConfigurationPlatforms) = preSolution
		Debug|Any CPU = Debug|Any CPU
		Release|Any CPU = Release|Any CPU
	EndGlobalSection
	GlobalSection(ProjectConfigurationPlatforms) = postSolution
		{CC4DF09C-0D16-4DAA-9E8F-147CD3B05AE6}.Debug|Any CPU.ActiveCfg = Debug|Any CPU
		{CC4DF09C-0D16-4DAA-9E8F-147CD3B05AE6}.Debug|Any CPU.Build.0 = Debug|Any CPU
		{CC4DF09C-0D16-4DAA-9E8F-147CD3B05AE6}.Release|Any CPU.ActiveCfg = Release|Any CPU
		{CC4DF09C-0D16-4DAA-9E8F-147CD3B05AE6}.Release|Any CPU.Build.0 = Release|Any CPU
	EndGlobalSection
	GlobalSection(SolutionProperties) = preSolution
		HideSolutionNode = FALSE
	EndGlobalSection
	GlobalSection(ExtensibilityGlobals) = postSolution
		SolutionGuid = {C1CF1119-A100-4334-ACFC-45B2567BE70F}
	EndGlobalSection
EndGlobal
